
Microsoft Visual Studio Solution File, Format Version 12.00
# Visual Studio Version 16
VisualStudioVersion = 16.0.30804.86
MinimumVisualStudioVersion = 10.0.40219.1
Project("{FAE04EC0-301F-11D3-BF4B-00C04F79EFBC}") = "GoogleSearchResultsTests", "GoogleSearchResultsTests\GoogleSearchResultsTests.csproj", "{3E7C513A-E086-4011-810D-BDD7FD2179AD}"
EndProject
Global
	GlobalSection(SolutionConfigurationPlatforms) = preSolution
		Debug|Any CPU = Debug|Any CPU
		Release|Any CPU = Release|Any CPU
	EndGlobalSection
	GlobalSection(ProjectConfigurationPlatforms) = postSolution
		{3E7C513A-E086-4011-810D-BDD7FD2179AD}.Debug|Any CPU.ActiveCfg = Debug|Any CPU
		{3E7C513A-E086-4011-810D-BDD7FD2179AD}.Debug|Any CPU.Build.0 = Debug|Any CPU
		{3E7C513A-E086-4011-810D-BDD7FD2179AD}.Release|Any CPU.ActiveCfg = Release|Any CPU
		{3E7C513A-E086-4011-810D-BDD7FD2179AD}.Release|Any CPU.Build.0 = Release|Any CPU
	EndGlobalSection
	GlobalSection(SolutionProperties) = preSolution
		HideSolutionNode = FALSE
	EndGlobalSection
	GlobalSection(ExtensibilityGlobals) = postSolution
		SolutionGuid = {F0AC3D8F-C934-41F2-B871-A7CBF343B1E9}
	EndGlobalSection
EndGlobal
